
Microsoft Visual Studio Solution File, Format Version 12.00
# Visual Studio Version 16
VisualStudioVersion = 16.0.30001.183
MinimumVisualStudioVersion = 10.0.40219.1
Project("{FAE04EC0-301F-11D3-BF4B-00C04F79EFBC}") = "Blazor-PDF", "Blazor-PDF\Blazor-PDF.csproj", "{B05B944E-BCEF-46C7-80AE-54C2C4741326}"
EndProject
Global
	GlobalSection(SolutionConfigurationPlatforms) = preSolution
		Debug|Any CPU = Debug|Any CPU
		Release|Any CPU = Release|Any CPU
	EndGlobalSection
	GlobalSection(ProjectConfigurationPlatforms) = postSolution
		{B05B944E-BCEF-46C7-80AE-54C2C4741326}.Debug|Any CPU.ActiveCfg = Debug|Any CPU
		{B05B944E-BCEF-46C7-80AE-54C2C4741326}.Debug|Any CPU.Build.0 = Debug|Any CPU
		{B05B944E-BCEF-46C7-80AE-54C2C4741326}.Release|Any CPU.ActiveCfg = Release|Any CPU
		{B05B944E-BCEF-46C7-80AE-54C2C4741326}.Release|Any CPU.Build.0 = Release|Any CPU
	EndGlobalSection
	GlobalSection(SolutionProperties) = preSolution
		HideSolutionNode = FALSE
	EndGlobalSection
	GlobalSection(ExtensibilityGlobals) = postSolution
		SolutionGuid = {D1F81B8A-1E18-4B4A-BD62-FAE07741E4CF}
	EndGlobalSection
EndGlobal
